// !$*UTF8*$!
{
	archiveVersion = 1;
	classes = {
	};
	objectVersion = 55;
	objects = {

/* Begin PBXBuildFile section */
		BD594141292224290009164C /* AppDelegate.swift in Sources */ = {isa = PBXBuildFile; fileRef = BD594140292224290009164C /* AppDelegate.swift */; };
		BD594143292224290009164C /* SceneDelegate.swift in Sources */ = {isa = PBXBuildFile; fileRef = BD594142292224290009164C /* SceneDelegate.swift */; };
		BD594145292224290009164C /* ViewController.swift in Sources */ = {isa = PBXBuildFile; fileRef = BD594144292224290009164C /* ViewController.swift */; };
		BD594148292224290009164C /* Main.storyboard in Resources */ = {isa = PBXBuildFile; fileRef = BD594146292224290009164C /* Main.storyboard */; };
		BD59414A2922242A0009164C /* Assets.xcassets in Resources */ = {isa = PBXBuildFile; fileRef = BD5941492922242A0009164C /* Assets.xcassets */; };
		BD59414D2922242A0009164C /* LaunchScreen.storyboard in Resources */ = {isa = PBXBuildFile; fileRef = BD59414B2922242A0009164C /* LaunchScreen.storyboard */; };
		BDD5E03E2927A9FF00AA2C61 /* bug.swift in Sources */ = {isa = PBXBuildFile; fileRef = BDD5E03D2927A9FF00AA2C61 /* bug.swift */; };
		BDD5E0412927AE0100AA2C61 /* Dev1.swift in Sources */ = {isa = PBXBuildFile; fileRef = BDD5E0402927AE0100AA2C61 /* Dev1.swift */; };
		BDD5E0432927B01500AA2C61 /* dev4.swift in Sources */ = {isa = PBXBuildFile; fileRef = BDD5E0422927B01500AA2C61 /* dev4.swift */; };
		BDD5E0452927B04200AA2C61 /* bug1.swift in Sources */ = {isa = PBXBuildFile; fileRef = BDD5E0442927B04200AA2C61 /* bug1.swift */; };
		BDD5E0492927B1BF00AA2C61 /* bugFix.swift in Sources */ = {isa = PBXBuildFile; fileRef = BDD5E0482927B1BF00AA2C61 /* bugFix.swift */; };
/* End PBXBuildFile section */

/* Begin PBXFileReference section */
		BD59413D292224290009164C /* GitTest.app */ = {isa = PBXFileReference; explicitFileType = wrapper.application; includeInIndex = 0; path = GitTest.app; sourceTree = BUILT_PRODUCTS_DIR; };
		BD594140292224290009164C /* AppDelegate.swift */ = {isa = PBXFileReference; lastKnownFileType = sourcecode.swift; path = AppDelegate.swift; sourceTree = "<group>"; };
		BD594142292224290009164C /* SceneDelegate.swift */ = {isa = PBXFileReference; lastKnownFileType = sourcecode.swift; path = SceneDelegate.swift; sourceTree = "<group>"; };
		BD594144292224290009164C /* ViewController.swift */ = {isa = PBXFileReference; lastKnownFileType = sourcecode.swift; path = ViewController.swift; sourceTree = "<group>"; };
		BD594147292224290009164C /* Base */ = {isa = PBXFileReference; lastKnownFileType = file.storyboard; name = Base; path = Base.lproj/Main.storyboard; sourceTree = "<group>"; };
		BD5941492922242A0009164C /* Assets.xcassets */ = {isa = PBXFileReference; lastKnownFileType = folder.assetcatalog; path = Assets.xcassets; sourceTree = "<group>"; };
		BD59414C2922242A0009164C /* Base */ = {isa = PBXFileReference; lastKnownFileType = file.storyboard; name = Base; path = Base.lproj/LaunchScreen.storyboard; sourceTree = "<group>"; };
		BD59414E2922242A0009164C /* Info.plist */ = {isa = PBXFileReference; lastKnownFileType = text.plist.xml; path = Info.plist; sourceTree = "<group>"; };
		BDD5E03D2927A9FF00AA2C61 /* bug.swift */ = {isa = PBXFileReference; lastKnownFileType = sourcecode.swift; path = bug.swift; sourceTree = "<group>"; };
		BDD5E0402927AE0100AA2C61 /* Dev1.swift */ = {isa = PBXFileReference; lastKnownFileType = sourcecode.swift; path = Dev1.swift; sourceTree = "<group>"; };
		BDD5E0422927B01500AA2C61 /* dev4.swift */ = {isa = PBXFileReference; lastKnownFileType = sourcecode.swift; path = dev4.swift; sourceTree = "<group>"; };
		BDD5E0442927B04200AA2C61 /* bug1.swift */ = {isa = PBXFileReference; lastKnownFileType = sourcecode.swift; path = bug1.swift; sourceTree = "<group>"; };
		BDD5E0482927B1BF00AA2C61 /* bugFix.swift */ = {isa = PBXFileReference; lastKnownFileType = sourcecode.swift; path = bugFix.swift; sourceTree = "<group>"; };
/* End PBXFileReference section */

/* Begin PBXFrameworksBuildPhase section */
		BD59413A292224290009164C /* Frameworks */ = {
			isa = PBXFrameworksBuildPhase;
			buildActionMask = 2147483647;
			files = (
			);
			runOnlyForDeploymentPostprocessing = 0;
		};
/* End PBXFrameworksBuildPhase section */

/* Begin PBXGroup section */
		BD594134292224290009164C = {
			isa = PBXGroup;
			children = (
				BD59413F292224290009164C /* GitTest */,
				BD59413E292224290009164C /* Products */,
			);
			sourceTree = "<group>";
		};
		BD59413E292224290009164C /* Products */ = {
			isa = PBXGroup;
			children = (
				BD59413D292224290009164C /* GitTest.app */,
			);
			name = Products;
			sourceTree = "<group>";
		};
		BD59413F292224290009164C /* GitTest */ = {
			isa = PBXGroup;
			children = (
				BD594140292224290009164C /* AppDelegate.swift */,
				BD594142292224290009164C /* SceneDelegate.swift */,
				BD594144292224290009164C /* ViewController.swift */,
				BD594146292224290009164C /* Main.storyboard */,
				BDD5E03D2927A9FF00AA2C61 /* bug.swift */,
				BDD5E0442927B04200AA2C61 /* bug1.swift */,
				BDD5E0422927B01500AA2C61 /* dev4.swift */,
				BDD5E0482927B1BF00AA2C61 /* bugFix.swift */,
				BDD5E0402927AE0100AA2C61 /* Dev1.swift */,
				BD5941492922242A0009164C /* Assets.xcassets */,
				BD59414B2922242A0009164C /* LaunchScreen.storyboard */,
				BD59414E2922242A0009164C /* Info.plist */,
			);
			path = GitTest;
			sourceTree = "<group>";
		};
/* End PBXGroup section */

/* Begin PBXNativeTarget section */
		BD59413C292224290009164C /* GitTest */ = {
			isa = PBXNativeTarget;
			buildConfigurationList = BD5941512922242A0009164C /* Build configuration list for PBXNativeTarget "GitTest" */;
			buildPhases = (
				BD594139292224290009164C /* Sources */,
				BD59413A292224290009164C /* Frameworks */,
				BD59413B292224290009164C /* Resources */,
			);
			buildRules = (
			);
			dependencies = (
			);
			name = GitTest;
			productName = GitTest;
			productReference = BD59413D292224290009164C /* GitTest.app */;
			productType = "com.apple.product-type.application";
		};
/* End PBXNativeTarget section */

/* Begin PBXProject section */
		BD594135292224290009164C /* Project object */ = {
			isa = PBXProject;
			attributes = {
				BuildIndependentTargetsInParallel = 1;
				LastSwiftUpdateCheck = 1330;
				LastUpgradeCheck = 1330;
				TargetAttributes = {
					BD59413C292224290009164C = {
						CreatedOnToolsVersion = 13.3;
					};
				};
			};
			buildConfigurationList = BD594138292224290009164C /* Build configuration list for PBXProject "GitTest" */;
			compatibilityVersion = "Xcode 13.0";
			developmentRegion = en;
			hasScannedForEncodings = 0;
			knownRegions = (
				en,
				Base,
			);
			mainGroup = BD594134292224290009164C;
			productRefGroup = BD59413E292224290009164C /* Products */;
			projectDirPath = "";
			projectRoot = "";
			targets = (
				BD59413C292224290009164C /* GitTest */,
			);
		};
/* End PBXProject section */

/* Begin PBXResourcesBuildPhase section */
		BD59413B292224290009164C /* Resources */ = {
			isa = PBXResourcesBuildPhase;
			buildActionMask = 2147483647;
			files = (
				BD59414D2922242A0009164C /* LaunchScreen.storyboard in Resources */,
				BD59414A2922242A0009164C /* Assets.xcassets in Resources */,
				BD594148292224290009164C /* Main.storyboard in Resources */,
			);
			runOnlyForDeploymentPostprocessing = 0;
		};
/* End PBXResourcesBuildPhase section */

/* Begin PBXSourcesBuildPhase section */
		BD594139292224290009164C /* Sources */ = {
			isa = PBXSourcesBuildPhase;
			buildActionMask = 2147483647;
			files = (
				BDD5E0452927B04200AA2C61 /* bug1.swift in Sources */,
				BD594145292224290009164C /* ViewController.swift in Sources */,
				BDD5E0412927AE0100AA2C61 /* Dev1.swift in Sources */,
				BD594141292224290009164C /* AppDelegate.swift in Sources */,
				BDD5E0492927B1BF00AA2C61 /* bugFix.swift in Sources */,
				BDD5E03E2927A9FF00AA2C61 /* bug.swift in Sources */,
				BDD5E0432927B01500AA2C61 /* dev4.swift in Sources */,
				BD594143292224290009164C /* SceneDelegate.swift in Sources */,
			);
			runOnlyForDeploymentPostprocessing = 0;
		};
/* End PBXSourcesBuildPhase section */

/* Begin PBXVariantGroup section */
		BD594146292224290009164C /* Main.storyboard */ = {
			isa = PBXVariantGroup;
			children = (
				BD594147292224290009164C /* Base */,
			);
			name = Main.storyboard;
			sourceTree = "<group>";
		};
		BD59414B2922242A0009164C /* LaunchScreen.storyboard */ = {
			isa = PBXVariantGroup;
			children = (
				BD59414C2922242A0009164C /* Base */,
			);
			name = LaunchScreen.storyboard;
			sourceTree = "<group>";
		};
/* End PBXVariantGroup section */

/* Begin XCBuildConfiguration section */
		BD59414F2922242A0009164C /* Debug */ = {
			isa = XCBuildConfiguration;
			buildSettings = {
				ALWAYS_SEARCH_USER_PATHS = NO;
				CLANG_ANALYZER_NONNULL = YES;
				CLANG_ANALYZER_NUMBER_OBJECT_CONVERSION = YES_AGGRESSIVE;
				CLANG_CXX_LANGUAGE_STANDARD = "gnu++17";
				CLANG_ENABLE_MODULES = YES;
				CLANG_ENABLE_OBJC_ARC = YES;
				CLANG_ENABLE_OBJC_WEAK = YES;
				CLANG_WARN_BLOCK_CAPTURE_AUTORELEASING = YES;
				CLANG_WARN_BOOL_CONVERSION = YES;
				CLANG_WARN_COMMA = YES;
				CLANG_WARN_CONSTANT_CONVERSION = YES;
				CLANG_WARN_DEPRECATED_OBJC_IMPLEMENTATIONS = YES;
				CLANG_WARN_DIRECT_OBJC_ISA_USAGE = YES_ERROR;
				CLANG_WARN_DOCUMENTATION_COMMENTS = YES;
				CLANG_WARN_EMPTY_BODY = YES;
				CLANG_WARN_ENUM_CONVERSION = YES;
				CLANG_WARN_INFINITE_RECURSION = YES;
				CLANG_WARN_INT_CONVERSION = YES;
				CLANG_WARN_NON_LITERAL_NULL_CONVERSION = YES;
				CLANG_WARN_OBJC_IMPLICIT_RETAIN_SELF = YES;
				CLANG_WARN_OBJC_LITERAL_CONVERSION = YES;
				CLANG_WARN_OBJC_ROOT_CLASS = YES_ERROR;
				CLANG_WARN_QUOTED_INCLUDE_IN_FRAMEWORK_HEADER = YES;
				CLANG_WARN_RANGE_LOOP_ANALYSIS = YES;
				CLANG_WARN_STRICT_PROTOTYPES = YES;
				CLANG_WARN_SUSPICIOUS_MOVE = YES;
				CLANG_WARN_UNGUARDED_AVAILABILITY = YES_AGGRESSIVE;
				CLANG_WARN_UNREACHABLE_CODE = YES;
				CLANG_WARN__DUPLICATE_METHOD_MATCH = YES;
				COPY_PHASE_STRIP = NO;
				DEBUG_INFORMATION_FORMAT = dwarf;
				ENABLE_STRICT_OBJC_MSGSEND = YES;
				ENABLE_TESTABILITY = YES;
				GCC_C_LANGUAGE_STANDARD = gnu11;
				GCC_DYNAMIC_NO_PIC = NO;
				GCC_NO_COMMON_BLOCKS = YES;
				GCC_OPTIMIZATION_LEVEL = 0;
				GCC_PREPROCESSOR_DEFINITIONS = (
					"DEBUG=1",
					"$(inherited)",
				);
				GCC_WARN_64_TO_32_BIT_CONVERSION = YES;
				GCC_WARN_ABOUT_RETURN_TYPE = YES_ERROR;
				GCC_WARN_UNDECLARED_SELECTOR = YES;
				GCC_WARN_UNINITIALIZED_AUTOS = YES_AGGRESSIVE;
				GCC_WARN_UNUSED_FUNCTION = YES;
				GCC_WARN_UNUSED_VARIABLE = YES;
				IPHONEOS_DEPLOYMENT_TARGET = 15.4;
				MTL_ENABLE_DEBUG_INFO = INCLUDE_SOURCE;
				MTL_FAST_MATH = YES;
				ONLY_ACTIVE_ARCH = YES;
				SDKROOT = iphoneos;
				SWIFT_ACTIVE_COMPILATION_CONDITIONS = DEBUG;
				SWIFT_OPTIMIZATION_LEVEL = "-Onone";
			};
			name = Debug;
		};
		BD5941502922242A0009164C /* Release */ = {
			isa = XCBuildConfiguration;
			buildSettings = {
				ALWAYS_SEARCH_USER_PATHS = NO;
				CLANG_ANALYZER_NONNULL = YES;
				CLANG_ANALYZER_NUMBER_OBJECT_CONVERSION = YES_AGGRESSIVE;
				CLANG_CXX_LANGUAGE_STANDARD = "gnu++17";
				CLANG_ENABLE_MODULES = YES;
				CLANG_ENABLE_OBJC_ARC = YES;
				CLANG_ENABLE_OBJC_WEAK = YES;
				CLANG_WARN_BLOCK_CAPTURE_AUTORELEASING = YES;
				CLANG_WARN_BOOL_CONVERSION = YES;
				CLANG_WARN_COMMA = YES;
				CLANG_WARN_CONSTANT_CONVERSION = YES;
				CLANG_WARN_DEPRECATED_OBJC_IMPLEMENTATIONS = YES;
				CLANG_WARN_DIRECT_OBJC_ISA_USAGE = YES_ERROR;
				CLANG_WARN_DOCUMENTATION_COMMENTS = YES;
				CLANG_WARN_EMPTY_BODY = YES;
				CLANG_WARN_ENUM_CONVERSION = YES;
				CLANG_WARN_INFINITE_RECURSION = YES;
				CLANG_WARN_INT_CONVERSION = YES;
				CLANG_WARN_NON_LITERAL_NULL_CONVERSION = YES;
				CLANG_WARN_OBJC_IMPLICIT_RETAIN_SELF = YES;
				CLANG_WARN_OBJC_LITERAL_CONVERSION = YES;
				CLANG_WARN_OBJC_ROOT_CLASS = YES_ERROR;
				CLANG_WARN_QUOTED_INCLUDE_IN_FRAMEWORK_HEADER = YES;
				CLANG_WARN_RANGE_LOOP_ANALYSIS = YES;
				CLANG_WARN_STRICT_PROTOTYPES = YES;
				CLANG_WARN_SUSPICIOUS_MOVE = YES;
				CLANG_WARN_UNGUARDED_AVAILABILITY = YES_AGGRESSIVE;
				CLANG_WARN_UNREACHABLE_CODE = YES;
				CLANG_WARN__DUPLICATE_METHOD_MATCH = YES;
				COPY_PHASE_STRIP = NO;
				DEBUG_INFORMATION_FORMAT = "dwarf-with-dsym";
				ENABLE_NS_ASSERTIONS = NO;
				ENABLE_STRICT_OBJC_MSGSEND = YES;
				GCC_C_LANGUAGE_STANDARD = gnu11;
				GCC_NO_COMMON_BLOCKS = YES;
				GCC_WARN_64_TO_32_BIT_CONVERSION = YES;
				GCC_WARN_ABOUT_RETURN_TYPE = YES_ERROR;
				GCC_WARN_UNDECLARED_SELECTOR = YES;
				GCC_WARN_UNINITIALIZED_AUTOS = YES_AGGRESSIVE;
				GCC_WARN_UNUSED_FUNCTION = YES;
				GCC_WARN_UNUSED_VARIABLE = YES;
				IPHONEOS_DEPLOYMENT_TARGET = 15.4;
				MTL_ENABLE_DEBUG_INFO = NO;
				MTL_FAST_MATH = YES;
				SDKROOT = iphoneos;
				SWIFT_COMPILATION_MODE = wholemodule;
				SWIFT_OPTIMIZATION_LEVEL = "-O";
				VALIDATE_PRODUCT = YES;
			};
			name = Release;
		};
		BD5941522922242A0009164C /* Debug */ = {
			isa = XCBuildConfiguration;
			buildSettings = {
				ASSETCATALOG_COMPILER_APPICON_NAME = AppIcon;
				ASSETCATALOG_COMPILER_GLOBAL_ACCENT_COLOR_NAME = AccentColor;
				CODE_SIGN_STYLE = Automatic;
				CURRENT_PROJECT_VERSION = 1;
				GENERATE_INFOPLIST_FILE = YES;
				INFOPLIST_FILE = GitTest/Info.plist;
				INFOPLIST_KEY_UIApplicationSupportsIndirectInputEvents = YES;
				INFOPLIST_KEY_UILaunchStoryboardName = LaunchScreen;
				INFOPLIST_KEY_UIMainStoryboardFile = Main;
				INFOPLIST_KEY_UISupportedInterfaceOrientations_iPad = "UIInterfaceOrientationPortrait UIInterfaceOrientationPortraitUpsideDown UIInterfaceOrientationLandscapeLeft UIInterfaceOrientationLandscapeRight";
				INFOPLIST_KEY_UISupportedInterfaceOrientations_iPhone = "UIInterfaceOrientationPortrait UIInterfaceOrientationLandscapeLeft UIInterfaceOrientationLandscapeRight";
				LD_RUNPATH_SEARCH_PATHS = (
					"$(inherited)",
					"@executable_path/Frameworks",
				);
				MARKETING_VERSION = 1.0;
				PRODUCT_BUNDLE_IDENTIFIER = None.GitTest;
				PRODUCT_NAME = "$(TARGET_NAME)";
				SWIFT_EMIT_LOC_STRINGS = YES;
				SWIFT_VERSION = 5.0;
				TARGETED_DEVICE_FAMILY = "1,2";
			};
			name = Debug;
		};
		BD5941532922242A0009164C /* Release */ = {
			isa = XCBuildConfiguration;
			buildSettings = {
				ASSETCATALOG_COMPILER_APPICON_NAME = AppIcon;
				ASSETCATALOG_COMPILER_GLOBAL_ACCENT_COLOR_NAME = AccentColor;
				CODE_SIGN_STYLE = Automatic;
				CURRENT_PROJECT_VERSION = 1;
				GENERATE_INFOPLIST_FILE = YES;
				INFOPLIST_FILE = GitTest/Info.plist;
				INFOPLIST_KEY_UIApplicationSupportsIndirectInputEvents = YES;
				INFOPLIST_KEY_UILaunchStoryboardName = LaunchScreen;
				INFOPLIST_KEY_UIMainStoryboardFile = Main;
				INFOPLIST_KEY_UISupportedInterfaceOrientations_iPad = "UIInterfaceOrientationPortrait UIInterfaceOrientationPortraitUpsideDown UIInterfaceOrientationLandscapeLeft UIInterfaceOrientationLandscapeRight";
				INFOPLIST_KEY_UISupportedInterfaceOrientations_iPhone = "UIInterfaceOrientationPortrait UIInterfaceOrientationLandscapeLeft UIInterfaceOrientationLandscapeRight";
				LD_RUNPATH_SEARCH_PATHS = (
					"$(inherited)",
					"@executable_path/Frameworks",
				);
				MARKETING_VERSION = 1.0;
				PRODUCT_BUNDLE_IDENTIFIER = None.GitTest;
				PRODUCT_NAME = "$(TARGET_NAME)";
				SWIFT_EMIT_LOC_STRINGS = YES;
				SWIFT_VERSION = 5.0;
				TARGETED_DEVICE_FAMILY = "1,2";
			};
			name = Release;
		};
/* End XCBuildConfiguration section */

/* Begin XCConfigurationList section */
		BD594138292224290009164C /* Build configuration list for PBXProject "GitTest" */ = {
			isa = XCConfigurationList;
			buildConfigurations = (
				BD59414F2922242A0009164C /* Debug */,
				BD5941502922242A0009164C /* Release */,
			);
			defaultConfigurationIsVisible = 0;
			defaultConfigurationName = Release;
		};
		BD5941512922242A0009164C /* Build configuration list for PBXNativeTarget "GitTest" */ = {
			isa = XCConfigurationList;
			buildConfigurations = (
				BD5941522922242A0009164C /* Debug */,
				BD5941532922242A0009164C /* Release */,
			);
			defaultConfigurationIsVisible = 0;
			defaultConfigurationName = Release;
		};
/* End XCConfigurationList section */
	};
	rootObject = BD594135292224290009164C /* Project object */;
}
